
Microsoft Visual Studio Solution File, Format Version 12.00
# Visual Studio 2015
Project("{FAE04EC0-301F-11D3-BF4B-00C04F79EFBC}") = "Physics_Assignment2.CSharp", "Physics_Assignment2.CSharp.csproj", "{982E3FA0-F31F-8950-273B-7FB245314011}"
EndProject
Global
	GlobalSection(SolutionConfigurationPlatforms) = preSolution
		Debug|Any CPU = Debug|Any CPU
		Release|Any CPU = Release|Any CPU
	EndGlobalSection
	GlobalSection(ProjectConfigurationPlatforms) = postSolution
		{982E3FA0-F31F-8950-273B-7FB245314011}.Debug|Any CPU.ActiveCfg = Debug|Any CPU
		{982E3FA0-F31F-8950-273B-7FB245314011}.Debug|Any CPU.Build.0 = Debug|Any CPU
		{982E3FA0-F31F-8950-273B-7FB245314011}.Release|Any CPU.ActiveCfg = Release|Any CPU
		{982E3FA0-F31F-8950-273B-7FB245314011}.Release|Any CPU.Build.0 = Release|Any CPU
	EndGlobalSection
	GlobalSection(SolutionProperties) = preSolution
		HideSolutionNode = FALSE
	EndGlobalSection
EndGlobal
